
Microsoft Visual Studio Solution File, Format Version 12.00
# Visual Studio Version 16
VisualStudioVersion = 16.0.30413.136
MinimumVisualStudioVersion = 10.0.40219.1
Project("{FAE04EC0-301F-11D3-BF4B-00C04F79EFBC}") = "Lesson_07_Exercises.App", "Lesson_07_Exercises.App\Lesson_07_Exercises.App.csproj", "{3A29EBB3-95C6-44D8-9BC7-FB29A71E1B30}"
EndProject
Global
	GlobalSection(SolutionConfigurationPlatforms) = preSolution
		Debug|Any CPU = Debug|Any CPU
		Release|Any CPU = Release|Any CPU
	EndGlobalSection
	GlobalSection(ProjectConfigurationPlatforms) = postSolution
		{3A29EBB3-95C6-44D8-9BC7-FB29A71E1B30}.Debug|Any CPU.ActiveCfg = Debug|Any CPU
		{3A29EBB3-95C6-44D8-9BC7-FB29A71E1B30}.Debug|Any CPU.Build.0 = Debug|Any CPU
		{3A29EBB3-95C6-44D8-9BC7-FB29A71E1B30}.Release|Any CPU.ActiveCfg = Release|Any CPU
		{3A29EBB3-95C6-44D8-9BC7-FB29A71E1B30}.Release|Any CPU.Build.0 = Release|Any CPU
	EndGlobalSection
	GlobalSection(SolutionProperties) = preSolution
		HideSolutionNode = FALSE
	EndGlobalSection
	GlobalSection(ExtensibilityGlobals) = postSolution
		SolutionGuid = {3460BF08-B543-47B6-A09F-DE10C5D65EC7}
	EndGlobalSection
EndGlobal
